
Microsoft Visual Studio Solution File, Format Version 12.00
# Visual Studio 15
VisualStudioVersion = 15.0.26430.14
MinimumVisualStudioVersion = 10.0.40219.1
Project("{FAE04EC0-301F-11D3-BF4B-00C04F79EFBC}") = "CountWorkingDays", "CountWorkingDays\CountWorkingDays.csproj", "{17F8AD0E-E327-40A2-A392-EE9877A9FF49}"
EndProject
Project("{FAE04EC0-301F-11D3-BF4B-00C04F79EFBC}") = "AdvertisementMessage", "AdvertisementMessage\AdvertisementMessage.csproj", "{015B37C4-FA3C-4917-808E-F3962480FAC9}"
EndProject
Project("{FAE04EC0-301F-11D3-BF4B-00C04F79EFBC}") = "IntersectionOfCircles", "IntersectionOfCircles\IntersectionOfCircles.csproj", "{E9A24F9D-024E-4EA9-8643-062C51B83744}"
EndProject
Project("{FAE04EC0-301F-11D3-BF4B-00C04F79EFBC}") = "AverageGrades", "AverageGrades\AverageGrades.csproj", "{B7BE929F-A03D-4D28-9D05-69E16BC8885D}"
EndProject
Project("{FAE04EC0-301F-11D3-BF4B-00C04F79EFBC}") = "BookLibrary", "BookLibrary\BookLibrary.csproj", "{AF3B2D6E-B254-4117-826F-E6E9786D8753}"
EndProject
Project("{FAE04EC0-301F-11D3-BF4B-00C04F79EFBC}") = "BookLibraryModification", "BookLibraryModification\BookLibraryModification.csproj", "{5B131746-420B-4CEB-A008-840918202F35}"
EndProject
Project("{FAE04EC0-301F-11D3-BF4B-00C04F79EFBC}") = "AndreyAndBilliard", "AndreyAndBilliard\AndreyAndBilliard.csproj", "{0CB2D247-4B84-4671-B76C-39071D1405F8}"
EndProject
Project("{FAE04EC0-301F-11D3-BF4B-00C04F79EFBC}") = "MentorGroup", "MentorGroup\MentorGroup.csproj", "{07DD3B91-E188-48B3-88BD-92872668F018}"
EndProject
Project("{FAE04EC0-301F-11D3-BF4B-00C04F79EFBC}") = "TeamworkProjects", "TeamworkProjects\TeamworkProjects.csproj", "{43E558A9-AEC1-4BAC-83ED-303675D8C8EB}"
EndProject
Global
	GlobalSection(SolutionConfigurationPlatforms) = preSolution
		Debug|Any CPU = Debug|Any CPU
		Release|Any CPU = Release|Any CPU
	EndGlobalSection
	GlobalSection(ProjectConfigurationPlatforms) = postSolution
		{17F8AD0E-E327-40A2-A392-EE9877A9FF49}.Debug|Any CPU.ActiveCfg = Debug|Any CPU
		{17F8AD0E-E327-40A2-A392-EE9877A9FF49}.Debug|Any CPU.Build.0 = Debug|Any CPU
		{17F8AD0E-E327-40A2-A392-EE9877A9FF49}.Release|Any CPU.ActiveCfg = Release|Any CPU
		{17F8AD0E-E327-40A2-A392-EE9877A9FF49}.Release|Any CPU.Build.0 = Release|Any CPU
		{015B37C4-FA3C-4917-808E-F3962480FAC9}.Debug|Any CPU.ActiveCfg = Debug|Any CPU
		{015B37C4-FA3C-4917-808E-F3962480FAC9}.Debug|Any CPU.Build.0 = Debug|Any CPU
		{015B37C4-FA3C-4917-808E-F3962480FAC9}.Release|Any CPU.ActiveCfg = Release|Any CPU
		{015B37C4-FA3C-4917-808E-F3962480FAC9}.Release|Any CPU.Build.0 = Release|Any CPU
		{E9A24F9D-024E-4EA9-8643-062C51B83744}.Debug|Any CPU.ActiveCfg = Debug|Any CPU
		{E9A24F9D-024E-4EA9-8643-062C51B83744}.Debug|Any CPU.Build.0 = Debug|Any CPU
		{E9A24F9D-024E-4EA9-8643-062C51B83744}.Release|Any CPU.ActiveCfg = Release|Any CPU
		{E9A24F9D-024E-4EA9-8643-062C51B83744}.Release|Any CPU.Build.0 = Release|Any CPU
		{B7BE929F-A03D-4D28-9D05-69E16BC8885D}.Debug|Any CPU.ActiveCfg = Debug|Any CPU
		{B7BE929F-A03D-4D28-9D05-69E16BC8885D}.Debug|Any CPU.Build.0 = Debug|Any CPU
		{B7BE929F-A03D-4D28-9D05-69E16BC8885D}.Release|Any CPU.ActiveCfg = Release|Any CPU
		{B7BE929F-A03D-4D28-9D05-69E16BC8885D}.Release|Any CPU.Build.0 = Release|Any CPU
		{AF3B2D6E-B254-4117-826F-E6E9786D8753}.Debug|Any CPU.ActiveCfg = Debug|Any CPU
		{AF3B2D6E-B254-4117-826F-E6E9786D8753}.Debug|Any CPU.Build.0 = Debug|Any CPU
		{AF3B2D6E-B254-4117-826F-E6E9786D8753}.Release|Any CPU.ActiveCfg = Release|Any CPU
		{AF3B2D6E-B254-4117-826F-E6E9786D8753}.Release|Any CPU.Build.0 = Release|Any CPU
		{5B131746-420B-4CEB-A008-840918202F35}.Debug|Any CPU.ActiveCfg = Debug|Any CPU
		{5B131746-420B-4CEB-A008-840918202F35}.Debug|Any CPU.Build.0 = Debug|Any CPU
		{5B131746-420B-4CEB-A008-840918202F35}.Release|Any CPU.ActiveCfg = Release|Any CPU
		{5B131746-420B-4CEB-A008-840918202F35}.Release|Any CPU.Build.0 = Release|Any CPU
		{0CB2D247-4B84-4671-B76C-39071D1405F8}.Debug|Any CPU.ActiveCfg = Debug|Any CPU
		{0CB2D247-4B84-4671-B76C-39071D1405F8}.Debug|Any CPU.Build.0 = Debug|Any CPU
		{0CB2D247-4B84-4671-B76C-39071D1405F8}.Release|Any CPU.ActiveCfg = Release|Any CPU
		{0CB2D247-4B84-4671-B76C-39071D1405F8}.Release|Any CPU.Build.0 = Release|Any CPU
		{07DD3B91-E188-48B3-88BD-92872668F018}.Debug|Any CPU.ActiveCfg = Debug|Any CPU
		{07DD3B91-E188-48B3-88BD-92872668F018}.Debug|Any CPU.Build.0 = Debug|Any CPU
		{07DD3B91-E188-48B3-88BD-92872668F018}.Release|Any CPU.ActiveCfg = Release|Any CPU
		{07DD3B91-E188-48B3-88BD-92872668F018}.Release|Any CPU.Build.0 = Release|Any CPU
		{43E558A9-AEC1-4BAC-83ED-303675D8C8EB}.Debug|Any CPU.ActiveCfg = Debug|Any CPU
		{43E558A9-AEC1-4BAC-83ED-303675D8C8EB}.Debug|Any CPU.Build.0 = Debug|Any CPU
		{43E558A9-AEC1-4BAC-83ED-303675D8C8EB}.Release|Any CPU.ActiveCfg = Release|Any CPU
		{43E558A9-AEC1-4BAC-83ED-303675D8C8EB}.Release|Any CPU.Build.0 = Release|Any CPU
	EndGlobalSection
	GlobalSection(SolutionProperties) = preSolution
		HideSolutionNode = FALSE
	EndGlobalSection
EndGlobal
